// !$*UTF8*$!
{
	archiveVersion = 1;
	classes = {
	};
	objectVersion = 46;
	objects = {

/* Begin PBXBuildFile section */
		2F07AFFE1946FF43005490DA /* Foundation.framework in Frameworks */ = {isa = PBXBuildFile; fileRef = 2F07AFFD1946FF43005490DA /* Foundation.framework */; };
		2F07B0001946FF43005490DA /* CoreGraphics.framework in Frameworks */ = {isa = PBXBuildFile; fileRef = 2F07AFFF1946FF43005490DA /* CoreGraphics.framework */; };
		2F07B0021946FF43005490DA /* UIKit.framework in Frameworks */ = {isa = PBXBuildFile; fileRef = 2F07B0011946FF43005490DA /* UIKit.framework */; };
		2F07B0081946FF43005490DA /* InfoPlist.strings in Resources */ = {isa = PBXBuildFile; fileRef = 2F07B0061946FF43005490DA /* InfoPlist.strings */; };
		2F07B00A1946FF43005490DA /* main.m in Sources */ = {isa = PBXBuildFile; fileRef = 2F07B0091946FF43005490DA /* main.m */; };
		2F07B00E1946FF43005490DA /* ISCAppDelegate.m in Sources */ = {isa = PBXBuildFile; fileRef = 2F07B00D1946FF43005490DA /* ISCAppDelegate.m */; };
		2F07B0111946FF43005490DA /* Main.storyboard in Resources */ = {isa = PBXBuildFile; fileRef = 2F07B00F1946FF43005490DA /* Main.storyboard */; };
		2F07B0141946FF43005490DA /* ISCViewController.m in Sources */ = {isa = PBXBuildFile; fileRef = 2F07B0131946FF43005490DA /* ISCViewController.m */; };
		2F07B0161946FF43005490DA /* Images.xcassets in Resources */ = {isa = PBXBuildFile; fileRef = 2F07B0151946FF43005490DA /* Images.xcassets */; };
		2F07B01D1946FF44005490DA /* XCTest.framework in Frameworks */ = {isa = PBXBuildFile; fileRef = 2F07B01C1946FF44005490DA /* XCTest.framework */; };
		2F07B01E1946FF44005490DA /* Foundation.framework in Frameworks */ = {isa = PBXBuildFile; fileRef = 2F07AFFD1946FF43005490DA /* Foundation.framework */; };
		2F07B01F1946FF44005490DA /* UIKit.framework in Frameworks */ = {isa = PBXBuildFile; fileRef = 2F07B0011946FF43005490DA /* UIKit.framework */; };
		2F07B0271946FF44005490DA /* InfoPlist.strings in Resources */ = {isa = PBXBuildFile; fileRef = 2F07B0251946FF44005490DA /* InfoPlist.strings */; };
		2F07B0291946FF44005490DA /* InteractiveTests.m in Sources */ = {isa = PBXBuildFile; fileRef = 2F07B0281946FF44005490DA /* InteractiveTests.m */; };
/* End PBXBuildFile section */

/* Begin PBXContainerItemProxy section */
		2F07B0201946FF44005490DA /* PBXContainerItemProxy */ = {
			isa = PBXContainerItemProxy;
			containerPortal = 2F07AFF21946FF43005490DA /* Project object */;
			proxyType = 1;
			remoteGlobalIDString = 2F07AFF91946FF43005490DA;
			remoteInfo = Interactive;
		};
/* End PBXContainerItemProxy section */

/* Begin PBXFileReference section */
		2F07AFFA1946FF43005490DA /* Interactive.app */ = {isa = PBXFileReference; explicitFileType = wrapper.application; includeInIndex = 0; path = Interactive.app; sourceTree = BUILT_PRODUCTS_DIR; };
		2F07AFFD1946FF43005490DA /* Foundation.framework */ = {isa = PBXFileReference; lastKnownFileType = wrapper.framework; name = Foundation.framework; path = System/Library/Frameworks/Foundation.framework; sourceTree = SDKROOT; };
		2F07AFFF1946FF43005490DA /* CoreGraphics.framework */ = {isa = PBXFileReference; lastKnownFileType = wrapper.framework; name = CoreGraphics.framework; path = System/Library/Frameworks/CoreGraphics.framework; sourceTree = SDKROOT; };
		2F07B0011946FF43005490DA /* UIKit.framework */ = {isa = PBXFileReference; lastKnownFileType = wrapper.framework; name = UIKit.framework; path = System/Library/Frameworks/UIKit.framework; sourceTree = SDKROOT; };
		2F07B0051946FF43005490DA /* Interactive-Info.plist */ = {isa = PBXFileReference; lastKnownFileType = text.plist.xml; path = "Interactive-Info.plist"; sourceTree = "<group>"; };
		2F07B0071946FF43005490DA /* en */ = {isa = PBXFileReference; lastKnownFileType = text.plist.strings; name = en; path = en.lproj/InfoPlist.strings; sourceTree = "<group>"; };
		2F07B0091946FF43005490DA /* main.m */ = {isa = PBXFileReference; lastKnownFileType = sourcecode.c.objc; path = main.m; sourceTree = "<group>"; };
		2F07B00B1946FF43005490DA /* Interactive-Prefix.pch */ = {isa = PBXFileReference; lastKnownFileType = sourcecode.c.h; path = "Interactive-Prefix.pch"; sourceTree = "<group>"; };
		2F07B00C1946FF43005490DA /* ISCAppDelegate.h */ = {isa = PBXFileReference; lastKnownFileType = sourcecode.c.h; path = ISCAppDelegate.h; sourceTree = "<group>"; };
		2F07B00D1946FF43005490DA /* ISCAppDelegate.m */ = {isa = PBXFileReference; lastKnownFileType = sourcecode.c.objc; path = ISCAppDelegate.m; sourceTree = "<group>"; };
		2F07B0101946FF43005490DA /* Base */ = {isa = PBXFileReference; lastKnownFileType = file.storyboard; name = Base; path = Base.lproj/Main.storyboard; sourceTree = "<group>"; };
		2F07B0121946FF43005490DA /* ISCViewController.h */ = {isa = PBXFileReference; lastKnownFileType = sourcecode.c.h; path = ISCViewController.h; sourceTree = "<group>"; };
		2F07B0131946FF43005490DA /* ISCViewController.m */ = {isa = PBXFileReference; lastKnownFileType = sourcecode.c.objc; path = ISCViewController.m; sourceTree = "<group>"; };
		2F07B0151946FF43005490DA /* Images.xcassets */ = {isa = PBXFileReference; lastKnownFileType = folder.assetcatalog; path = Images.xcassets; sourceTree = "<group>"; };
		2F07B01B1946FF44005490DA /* InteractiveTests.xctest */ = {isa = PBXFileReference; explicitFileType = wrapper.cfbundle; includeInIndex = 0; path = InteractiveTests.xctest; sourceTree = BUILT_PRODUCTS_DIR; };
		2F07B01C1946FF44005490DA /* XCTest.framework */ = {isa = PBXFileReference; lastKnownFileType = wrapper.framework; name = XCTest.framework; path = Library/Frameworks/XCTest.framework; sourceTree = DEVELOPER_DIR; };
		2F07B0241946FF44005490DA /* InteractiveTests-Info.plist */ = {isa = PBXFileReference; lastKnownFileType = text.plist.xml; path = "InteractiveTests-Info.plist"; sourceTree = "<group>"; };
		2F07B0261946FF44005490DA /* en */ = {isa = PBXFileReference; lastKnownFileType = text.plist.strings; name = en; path = en.lproj/InfoPlist.strings; sourceTree = "<group>"; };
		2F07B0281946FF44005490DA /* InteractiveTests.m */ = {isa = PBXFileReference; lastKnownFileType = sourcecode.c.objc; path = InteractiveTests.m; sourceTree = "<group>"; };
/* End PBXFileReference section */

/* Begin PBXFrameworksBuildPhase section */
		2F07AFF71946FF43005490DA /* Frameworks */ = {
			isa = PBXFrameworksBuildPhase;
			buildActionMask = 2147483647;
			files = (
				2F07B0001946FF43005490DA /* CoreGraphics.framework in Frameworks */,
				2F07B0021946FF43005490DA /* UIKit.framework in Frameworks */,
				2F07AFFE1946FF43005490DA /* Foundation.framework in Frameworks */,
			);
			runOnlyForDeploymentPostprocessing = 0;
		};
		2F07B0181946FF44005490DA /* Frameworks */ = {
			isa = PBXFrameworksBuildPhase;
			buildActionMask = 2147483647;
			files = (
				2F07B01D1946FF44005490DA /* XCTest.framework in Frameworks */,
				2F07B01F1946FF44005490DA /* UIKit.framework in Frameworks */,
				2F07B01E1946FF44005490DA /* Foundation.framework in Frameworks */,
			);
			runOnlyForDeploymentPostprocessing = 0;
		};
/* End PBXFrameworksBuildPhase section */

/* Begin PBXGroup section */
		2F07AFF11946FF43005490DA = {
			isa = PBXGroup;
			children = (
				2F07B0031946FF43005490DA /* Interactive */,
				2F07B0221946FF44005490DA /* InteractiveTests */,
				2F07AFFC1946FF43005490DA /* Frameworks */,
				2F07AFFB1946FF43005490DA /* Products */,
			);
			sourceTree = "<group>";
		};
		2F07AFFB1946FF43005490DA /* Products */ = {
			isa = PBXGroup;
			children = (
				2F07AFFA1946FF43005490DA /* Interactive.app */,
				2F07B01B1946FF44005490DA /* InteractiveTests.xctest */,
			);
			name = Products;
			sourceTree = "<group>";
		};
		2F07AFFC1946FF43005490DA /* Frameworks */ = {
			isa = PBXGroup;
			children = (
				2F07AFFD1946FF43005490DA /* Foundation.framework */,
				2F07AFFF1946FF43005490DA /* CoreGraphics.framework */,
				2F07B0011946FF43005490DA /* UIKit.framework */,
				2F07B01C1946FF44005490DA /* XCTest.framework */,
			);
			name = Frameworks;
			sourceTree = "<group>";
		};
		2F07B0031946FF43005490DA /* Interactive */ = {
			isa = PBXGroup;
			children = (
				2F07B00C1946FF43005490DA /* ISCAppDelegate.h */,
				2F07B00D1946FF43005490DA /* ISCAppDelegate.m */,
				2F07B00F1946FF43005490DA /* Main.storyboard */,
				2F07B0121946FF43005490DA /* ISCViewController.h */,
				2F07B0131946FF43005490DA /* ISCViewController.m */,
				2F07B0151946FF43005490DA /* Images.xcassets */,
				2F07B0041946FF43005490DA /* Supporting Files */,
			);
			path = Interactive;
			sourceTree = "<group>";
		};
		2F07B0041946FF43005490DA /* Supporting Files */ = {
			isa = PBXGroup;
			children = (
				2F07B0051946FF43005490DA /* Interactive-Info.plist */,
				2F07B0061946FF43005490DA /* InfoPlist.strings */,
				2F07B0091946FF43005490DA /* main.m */,
				2F07B00B1946FF43005490DA /* Interactive-Prefix.pch */,
			);
			name = "Supporting Files";
			sourceTree = "<group>";
		};
		2F07B0221946FF44005490DA /* InteractiveTests */ = {
			isa = PBXGroup;
			children = (
				2F07B0281946FF44005490DA /* InteractiveTests.m */,
				2F07B0231946FF44005490DA /* Supporting Files */,
			);
			path = InteractiveTests;
			sourceTree = "<group>";
		};
		2F07B0231946FF44005490DA /* Supporting Files */ = {
			isa = PBXGroup;
			children = (
				2F07B0241946FF44005490DA /* InteractiveTests-Info.plist */,
				2F07B0251946FF44005490DA /* InfoPlist.strings */,
			);
			name = "Supporting Files";
			sourceTree = "<group>";
		};
/* End PBXGroup section */

/* Begin PBXNativeTarget section */
		2F07AFF91946FF43005490DA /* Interactive */ = {
			isa = PBXNativeTarget;
			buildConfigurationList = 2F07B02C1946FF44005490DA /* Build configuration list for PBXNativeTarget "Interactive" */;
			buildPhases = (
				2F07AFF61946FF43005490DA /* Sources */,
				2F07AFF71946FF43005490DA /* Frameworks */,
				2F07AFF81946FF43005490DA /* Resources */,
			);
			buildRules = (
			);
			dependencies = (
			);
			name = Interactive;
			productName = Interactive;
			productReference = 2F07AFFA1946FF43005490DA /* Interactive.app */;
			productType = "com.apple.product-type.application";
		};
		2F07B01A1946FF44005490DA /* InteractiveTests */ = {
			isa = PBXNativeTarget;
			buildConfigurationList = 2F07B02F1946FF44005490DA /* Build configuration list for PBXNativeTarget "InteractiveTests" */;
			buildPhases = (
				2F07B0171946FF44005490DA /* Sources */,
				2F07B0181946FF44005490DA /* Frameworks */,
				2F07B0191946FF44005490DA /* Resources */,
			);
			buildRules = (
			);
			dependencies = (
				2F07B0211946FF44005490DA /* PBXTargetDependency */,
			);
			name = InteractiveTests;
			productName = InteractiveTests;
			productReference = 2F07B01B1946FF44005490DA /* InteractiveTests.xctest */;
			productType = "com.apple.product-type.bundle.unit-test";
		};
/* End PBXNativeTarget section */

/* Begin PBXProject section */
		2F07AFF21946FF43005490DA /* Project object */ = {
			isa = PBXProject;
			attributes = {
				CLASSPREFIX = ISC;
				LastUpgradeCheck = 0510;
				ORGANIZATIONNAME = "Wu Yong";
				TargetAttributes = {
					2F07B01A1946FF44005490DA = {
						TestTargetID = 2F07AFF91946FF43005490DA;
					};
				};
			};
			buildConfigurationList = 2F07AFF51946FF43005490DA /* Build configuration list for PBXProject "Interactive" */;
			compatibilityVersion = "Xcode 3.2";
			developmentRegion = English;
			hasScannedForEncodings = 0;
			knownRegions = (
				en,
				Base,
			);
			mainGroup = 2F07AFF11946FF43005490DA;
			productRefGroup = 2F07AFFB1946FF43005490DA /* Products */;
			projectDirPath = "";
			projectRoot = "";
			targets = (
				2F07AFF91946FF43005490DA /* Interactive */,
				2F07B01A1946FF44005490DA /* InteractiveTests */,
			);
		};
/* End PBXProject section */

/* Begin PBXResourcesBuildPhase section */
		2F07AFF81946FF43005490DA /* Resources */ = {
			isa = PBXResourcesBuildPhase;
			buildActionMask = 2147483647;
			files = (
				2F07B0161946FF43005490DA /* Images.xcassets in Resources */,
				2F07B0081946FF43005490DA /* InfoPlist.strings in Resources */,
				2F07B0111946FF43005490DA /* Main.storyboard in Resources */,
			);
			runOnlyForDeploymentPostprocessing = 0;
		};
		2F07B0191946FF44005490DA /* Resources */ = {
			isa = PBXResourcesBuildPhase;
			buildActionMask = 2147483647;
			files = (
				2F07B0271946FF44005490DA /* InfoPlist.strings in Resources */,
			);
			runOnlyForDeploymentPostprocessing = 0;
		};
/* End PBXResourcesBuildPhase section */

/* Begin PBXSourcesBuildPhase section */
		2F07AFF61946FF43005490DA /* Sources */ = {
			isa = PBXSourcesBuildPhase;
			buildActionMask = 2147483647;
			files = (
				2F07B00E1946FF43005490DA /* ISCAppDelegate.m in Sources */,
				2F07B0141946FF43005490DA /* ISCViewController.m in Sources */,
				2F07B00A1946FF43005490DA /* main.m in Sources */,
			);
			runOnlyForDeploymentPostprocessing = 0;
		};
		2F07B0171946FF44005490DA /* Sources */ = {
			isa = PBXSourcesBuildPhase;
			buildActionMask = 2147483647;
			files = (
				2F07B0291946FF44005490DA /* InteractiveTests.m in Sources */,
			);
			runOnlyForDeploymentPostprocessing = 0;
		};
/* End PBXSourcesBuildPhase section */

/* Begin PBXTargetDependency section */
		2F07B0211946FF44005490DA /* PBXTargetDependency */ = {
			isa = PBXTargetDependency;
			target = 2F07AFF91946FF43005490DA /* Interactive */;
			targetProxy = 2F07B0201946FF44005490DA /* PBXContainerItemProxy */;
		};
/* End PBXTargetDependency section */

/* Begin PBXVariantGroup section */
		2F07B0061946FF43005490DA /* InfoPlist.strings */ = {
			isa = PBXVariantGroup;
			children = (
				2F07B0071946FF43005490DA /* en */,
			);
			name = InfoPlist.strings;
			sourceTree = "<group>";
		};
		2F07B00F1946FF43005490DA /* Main.storyboard */ = {
			isa = PBXVariantGroup;
			children = (
				2F07B0101946FF43005490DA /* Base */,
			);
			name = Main.storyboard;
			sourceTree = "<group>";
		};
		2F07B0251946FF44005490DA /* InfoPlist.strings */ = {
			isa = PBXVariantGroup;
			children = (
				2F07B0261946FF44005490DA /* en */,
			);
			name = InfoPlist.strings;
			sourceTree = "<group>";
		};
/* End PBXVariantGroup section */

/* Begin XCBuildConfiguration section */
		2F07B02A1946FF44005490DA /* Debug */ = {
			isa = XCBuildConfiguration;
			buildSettings = {
				ALWAYS_SEARCH_USER_PATHS = NO;
				CLANG_CXX_LANGUAGE_STANDARD = "gnu++0x";
				CLANG_CXX_LIBRARY = "libc++";
				CLANG_ENABLE_MODULES = YES;
				CLANG_ENABLE_OBJC_ARC = YES;
				CLANG_WARN_BOOL_CONVERSION = YES;
				CLANG_WARN_CONSTANT_CONVERSION = YES;
				CLANG_WARN_DIRECT_OBJC_ISA_USAGE = YES_ERROR;
				CLANG_WARN_EMPTY_BODY = YES;
				CLANG_WARN_ENUM_CONVERSION = YES;
				CLANG_WARN_INT_CONVERSION = YES;
				CLANG_WARN_OBJC_ROOT_CLASS = YES_ERROR;
				CLANG_WARN__DUPLICATE_METHOD_MATCH = YES;
				"CODE_SIGN_IDENTITY[sdk=iphoneos*]" = "iPhone Developer";
				COPY_PHASE_STRIP = NO;
				GCC_C_LANGUAGE_STANDARD = gnu99;
				GCC_DYNAMIC_NO_PIC = NO;
				GCC_OPTIMIZATION_LEVEL = 0;
				GCC_PREPROCESSOR_DEFINITIONS = (
					"DEBUG=1",
					"$(inherited)",
				);
				GCC_SYMBOLS_PRIVATE_EXTERN = NO;
				GCC_WARN_64_TO_32_BIT_CONVERSION = YES;
				GCC_WARN_ABOUT_RETURN_TYPE = YES_ERROR;
				GCC_WARN_UNDECLARED_SELECTOR = YES;
				GCC_WARN_UNINITIALIZED_AUTOS = YES_AGGRESSIVE;
				GCC_WARN_UNUSED_FUNCTION = YES;
				GCC_WARN_UNUSED_VARIABLE = YES;
				IPHONEOS_DEPLOYMENT_TARGET = 7.1;
				ONLY_ACTIVE_ARCH = YES;
				SDKROOT = iphoneos;
			};
			name = Debug;
		};
		2F07B02B1946FF44005490DA /* Release */ = {
			isa = XCBuildConfiguration;
			buildSettings = {
				ALWAYS_SEARCH_USER_PATHS = NO;
				CLANG_CXX_LANGUAGE_STANDARD = "gnu++0x";
				CLANG_CXX_LIBRARY = "libc++";
				CLANG_ENABLE_MODULES = YES;
				CLANG_ENABLE_OBJC_ARC = YES;
				CLANG_WARN_BOOL_CONVERSION = YES;
				CLANG_WARN_CONSTANT_CONVERSION = YES;
				CLANG_WARN_DIRECT_OBJC_ISA_USAGE = YES_ERROR;
				CLANG_WARN_EMPTY_BODY = YES;
				CLANG_WARN_ENUM_CONVERSION = YES;
				CLANG_WARN_INT_CONVERSION = YES;
				CLANG_WARN_OBJC_ROOT_CLASS = YES_ERROR;
				CLANG_WARN__DUPLICATE_METHOD_MATCH = YES;
				"CODE_SIGN_IDENTITY[sdk=iphoneos*]" = "iPhone Developer";
				COPY_PHASE_STRIP = YES;
				ENABLE_NS_ASSERTIONS = NO;
				GCC_C_LANGUAGE_STANDARD = gnu99;
				GCC_WARN_64_TO_32_BIT_CONVERSION = YES;
				GCC_WARN_ABOUT_RETURN_TYPE = YES_ERROR;
				GCC_WARN_UNDECLARED_SELECTOR = YES;
				GCC_WARN_UNINITIALIZED_AUTOS = YES_AGGRESSIVE;
				GCC_WARN_UNUSED_FUNCTION = YES;
				GCC_WARN_UNUSED_VARIABLE = YES;
				IPHONEOS_DEPLOYMENT_TARGET = 7.1;
				SDKROOT = iphoneos;
				VALIDATE_PRODUCT = YES;
			};
			name = Release;
		};
		2F07B02D1946FF44005490DA /* Debug */ = {
			isa = XCBuildConfiguration;
			buildSettings = {
				ASSETCATALOG_COMPILER_APPICON_NAME = AppIcon;
				ASSETCATALOG_COMPILER_LAUNCHIMAGE_NAME = LaunchImage;
				GCC_PRECOMPILE_PREFIX_HEADER = YES;
				GCC_PREFIX_HEADER = "Interactive/Interactive-Prefix.pch";
				INFOPLIST_FILE = "Interactive/Interactive-Info.plist";
				PRODUCT_NAME = "$(TARGET_NAME)";
				WRAPPER_EXTENSION = app;
			};
			name = Debug;
		};
		2F07B02E1946FF44005490DA /* Release */ = {
			isa = XCBuildConfiguration;
			buildSettings = {
				ASSETCATALOG_COMPILER_APPICON_NAME = AppIcon;
				ASSETCATALOG_COMPILER_LAUNCHIMAGE_NAME = LaunchImage;
				GCC_PRECOMPILE_PREFIX_HEADER = YES;
				GCC_PREFIX_HEADER = "Interactive/Interactive-Prefix.pch";
				INFOPLIST_FILE = "Interactive/Interactive-Info.plist";
				PRODUCT_NAME = "$(TARGET_NAME)";
				WRAPPER_EXTENSION = app;
			};
			name = Release;
		};
		2F07B0301946FF44005490DA /* Debug */ = {
			isa = XCBuildConfiguration;
			buildSettings = {
				BUNDLE_LOADER = "$(BUILT_PRODUCTS_DIR)/Interactive.app/Interactive";
				FRAMEWORK_SEARCH_PATHS = (
					"$(SDKROOT)/Developer/Library/Frameworks",
					"$(inherited)",
					"$(DEVELOPER_FRAMEWORKS_DIR)",
				);
				GCC_PRECOMPILE_PREFIX_HEADER = YES;
				GCC_PREFIX_HEADER = "Interactive/Interactive-Prefix.pch";
				GCC_PREPROCESSOR_DEFINITIONS = (
					"DEBUG=1",
					"$(inherited)",
				);
				INFOPLIST_FILE = "InteractiveTests/InteractiveTests-Info.plist";
				PRODUCT_NAME = "$(TARGET_NAME)";
				TEST_HOST = "$(BUNDLE_LOADER)";
				WRAPPER_EXTENSION = xctest;
			};
			name = Debug;
		};
		2F07B0311946FF44005490DA /* Release */ = {
			isa = XCBuildConfiguration;
			buildSettings = {
				BUNDLE_LOADER = "$(BUILT_PRODUCTS_DIR)/Interactive.app/Interactive";
				FRAMEWORK_SEARCH_PATHS = (
					"$(SDKROOT)/Developer/Library/Frameworks",
					"$(inherited)",
					"$(DEVELOPER_FRAMEWORKS_DIR)",
				);
				GCC_PRECOMPILE_PREFIX_HEADER = YES;
				GCC_PREFIX_HEADER = "Interactive/Interactive-Prefix.pch";
				INFOPLIST_FILE = "InteractiveTests/InteractiveTests-Info.plist";
				PRODUCT_NAME = "$(TARGET_NAME)";
				TEST_HOST = "$(BUNDLE_LOADER)";
				WRAPPER_EXTENSION = xctest;
			};
			name = Release;
		};
/* End XCBuildConfiguration section */

/* Begin XCConfigurationList section */
		2F07AFF51946FF43005490DA /* Build configuration list for PBXProject "Interactive" */ = {
			isa = XCConfigurationList;
			buildConfigurations = (
				2F07B02A1946FF44005490DA /* Debug */,
				2F07B02B1946FF44005490DA /* Release */,
			);
			defaultConfigurationIsVisible = 0;
			defaultConfigurationName = Release;
		};
		2F07B02C1946FF44005490DA /* Build configuration list for PBXNativeTarget "Interactive" */ = {
			isa = XCConfigurationList;
			buildConfigurations = (
				2F07B02D1946FF44005490DA /* Debug */,
				2F07B02E1946FF44005490DA /* Release */,
			);
			defaultConfigurationIsVisible = 0;
		};
		2F07B02F1946FF44005490DA /* Build configuration list for PBXNativeTarget "InteractiveTests" */ = {
			isa = XCConfigurationList;
			buildConfigurations = (
				2F07B0301946FF44005490DA /* Debug */,
				2F07B0311946FF44005490DA /* Release */,
			);
			defaultConfigurationIsVisible = 0;
		};
/* End XCConfigurationList section */
	};
	rootObject = 2F07AFF21946FF43005490DA /* Project object */;
}
